// !$*UTF8*$!
{
	archiveVersion = 1;
	classes = {
	};
	objectVersion = 46;
	objects = {

/* Begin PBXBuildFile section */
		580B465F1E20E8FC00CFAC9F /* PPTransitionPresenPushStyleAnimator.m in Sources */ = {isa = PBXBuildFile; fileRef = 580B465E1E20E8FC00CFAC9F /* PPTransitionPresenPushStyleAnimator.m */; };
		580B46621E21F47700CFAC9F /* PPTransitionDismissPopStyleAnimator.m in Sources */ = {isa = PBXBuildFile; fileRef = 580B46611E21F47700CFAC9F /* PPTransitionDismissPopStyleAnimator.m */; };
		580B46651E21F63700CFAC9F /* BaseViewController.m in Sources */ = {isa = PBXBuildFile; fileRef = 580B46641E21F63700CFAC9F /* BaseViewController.m */; };
		5888A8791E1224D3001BFB66 /* main.m in Sources */ = {isa = PBXBuildFile; fileRef = 5888A8781E1224D3001BFB66 /* main.m */; };
		5888A87C1E1224D3001BFB66 /* AppDelegate.m in Sources */ = {isa = PBXBuildFile; fileRef = 5888A87B1E1224D3001BFB66 /* AppDelegate.m */; };
		5888A8821E1224D3001BFB66 /* Main.storyboard in Resources */ = {isa = PBXBuildFile; fileRef = 5888A8801E1224D3001BFB66 /* Main.storyboard */; };
		5888A8841E1224D3001BFB66 /* Assets.xcassets in Resources */ = {isa = PBXBuildFile; fileRef = 5888A8831E1224D3001BFB66 /* Assets.xcassets */; };
		5888A8871E1224D3001BFB66 /* LaunchScreen.storyboard in Resources */ = {isa = PBXBuildFile; fileRef = 5888A8851E1224D3001BFB66 /* LaunchScreen.storyboard */; };
		5888A8931E122DA0001BFB66 /* ViewControllerA.m in Sources */ = {isa = PBXBuildFile; fileRef = 5888A8921E122DA0001BFB66 /* ViewControllerA.m */; };
		5888A8961E122DAE001BFB66 /* ViewControllerB.m in Sources */ = {isa = PBXBuildFile; fileRef = 5888A8951E122DAE001BFB66 /* ViewControllerB.m */; };
/* End PBXBuildFile section */

/* Begin PBXFileReference section */
		580B465D1E20E8FC00CFAC9F /* PPTransitionPresenPushStyleAnimator.h */ = {isa = PBXFileReference; fileEncoding = 4; lastKnownFileType = sourcecode.c.h; path = PPTransitionPresenPushStyleAnimator.h; sourceTree = "<group>"; };
		580B465E1E20E8FC00CFAC9F /* PPTransitionPresenPushStyleAnimator.m */ = {isa = PBXFileReference; fileEncoding = 4; lastKnownFileType = sourcecode.c.objc; path = PPTransitionPresenPushStyleAnimator.m; sourceTree = "<group>"; };
		580B46601E21F47700CFAC9F /* PPTransitionDismissPopStyleAnimator.h */ = {isa = PBXFileReference; fileEncoding = 4; lastKnownFileType = sourcecode.c.h; path = PPTransitionDismissPopStyleAnimator.h; sourceTree = "<group>"; };
		580B46611E21F47700CFAC9F /* PPTransitionDismissPopStyleAnimator.m */ = {isa = PBXFileReference; fileEncoding = 4; lastKnownFileType = sourcecode.c.objc; path = PPTransitionDismissPopStyleAnimator.m; sourceTree = "<group>"; };
		580B46631E21F63700CFAC9F /* BaseViewController.h */ = {isa = PBXFileReference; fileEncoding = 4; lastKnownFileType = sourcecode.c.h; path = BaseViewController.h; sourceTree = "<group>"; };
		580B46641E21F63700CFAC9F /* BaseViewController.m */ = {isa = PBXFileReference; fileEncoding = 4; lastKnownFileType = sourcecode.c.objc; path = BaseViewController.m; sourceTree = "<group>"; };
		5888A8741E1224D3001BFB66 /* NavigationPresent.app */ = {isa = PBXFileReference; explicitFileType = wrapper.application; includeInIndex = 0; path = NavigationPresent.app; sourceTree = BUILT_PRODUCTS_DIR; };
		5888A8781E1224D3001BFB66 /* main.m */ = {isa = PBXFileReference; lastKnownFileType = sourcecode.c.objc; path = main.m; sourceTree = "<group>"; };
		5888A87A1E1224D3001BFB66 /* AppDelegate.h */ = {isa = PBXFileReference; lastKnownFileType = sourcecode.c.h; path = AppDelegate.h; sourceTree = "<group>"; };
		5888A87B1E1224D3001BFB66 /* AppDelegate.m */ = {isa = PBXFileReference; lastKnownFileType = sourcecode.c.objc; path = AppDelegate.m; sourceTree = "<group>"; };
		5888A8811E1224D3001BFB66 /* Base */ = {isa = PBXFileReference; lastKnownFileType = file.storyboard; name = Base; path = Base.lproj/Main.storyboard; sourceTree = "<group>"; };
		5888A8831E1224D3001BFB66 /* Assets.xcassets */ = {isa = PBXFileReference; lastKnownFileType = folder.assetcatalog; path = Assets.xcassets; sourceTree = "<group>"; };
		5888A8861E1224D3001BFB66 /* Base */ = {isa = PBXFileReference; lastKnownFileType = file.storyboard; name = Base; path = Base.lproj/LaunchScreen.storyboard; sourceTree = "<group>"; };
		5888A8881E1224D3001BFB66 /* Info.plist */ = {isa = PBXFileReference; lastKnownFileType = text.plist.xml; path = Info.plist; sourceTree = "<group>"; };
		5888A8911E122DA0001BFB66 /* ViewControllerA.h */ = {isa = PBXFileReference; fileEncoding = 4; lastKnownFileType = sourcecode.c.h; path = ViewControllerA.h; sourceTree = "<group>"; };
		5888A8921E122DA0001BFB66 /* ViewControllerA.m */ = {isa = PBXFileReference; fileEncoding = 4; lastKnownFileType = sourcecode.c.objc; path = ViewControllerA.m; sourceTree = "<group>"; };
		5888A8941E122DAE001BFB66 /* ViewControllerB.h */ = {isa = PBXFileReference; fileEncoding = 4; lastKnownFileType = sourcecode.c.h; path = ViewControllerB.h; sourceTree = "<group>"; };
		5888A8951E122DAE001BFB66 /* ViewControllerB.m */ = {isa = PBXFileReference; fileEncoding = 4; lastKnownFileType = sourcecode.c.objc; path = ViewControllerB.m; sourceTree = "<group>"; };
/* End PBXFileReference section */

/* Begin PBXFrameworksBuildPhase section */
		5888A8711E1224D3001BFB66 /* Frameworks */ = {
			isa = PBXFrameworksBuildPhase;
			buildActionMask = 2147483647;
			files = (
			);
			runOnlyForDeploymentPostprocessing = 0;
		};
/* End PBXFrameworksBuildPhase section */

/* Begin PBXGroup section */
		5888A86B1E1224D3001BFB66 = {
			isa = PBXGroup;
			children = (
				5888A8761E1224D3001BFB66 /* NavigationPresent */,
				5888A8751E1224D3001BFB66 /* Products */,
			);
			sourceTree = "<group>";
		};
		5888A8751E1224D3001BFB66 /* Products */ = {
			isa = PBXGroup;
			children = (
				5888A8741E1224D3001BFB66 /* NavigationPresent.app */,
			);
			name = Products;
			sourceTree = "<group>";
		};
		5888A8761E1224D3001BFB66 /* NavigationPresent */ = {
			isa = PBXGroup;
			children = (
				5888A88F1E122D90001BFB66 /* PushAnimation */,
				5888A8901E122D90001BFB66 /* VC */,
				5888A87A1E1224D3001BFB66 /* AppDelegate.h */,
				5888A87B1E1224D3001BFB66 /* AppDelegate.m */,
				5888A8801E1224D3001BFB66 /* Main.storyboard */,
				5888A8831E1224D3001BFB66 /* Assets.xcassets */,
				5888A8851E1224D3001BFB66 /* LaunchScreen.storyboard */,
				5888A8881E1224D3001BFB66 /* Info.plist */,
				5888A8771E1224D3001BFB66 /* Supporting Files */,
			);
			path = NavigationPresent;
			sourceTree = "<group>";
		};
		5888A8771E1224D3001BFB66 /* Supporting Files */ = {
			isa = PBXGroup;
			children = (
				5888A8781E1224D3001BFB66 /* main.m */,
			);
			name = "Supporting Files";
			sourceTree = "<group>";
		};
		5888A88F1E122D90001BFB66 /* PushAnimation */ = {
			isa = PBXGroup;
			children = (
				580B465D1E20E8FC00CFAC9F /* PPTransitionPresenPushStyleAnimator.h */,
				580B465E1E20E8FC00CFAC9F /* PPTransitionPresenPushStyleAnimator.m */,
				580B46601E21F47700CFAC9F /* PPTransitionDismissPopStyleAnimator.h */,
				580B46611E21F47700CFAC9F /* PPTransitionDismissPopStyleAnimator.m */,
				580B46631E21F63700CFAC9F /* BaseViewController.h */,
				580B46641E21F63700CFAC9F /* BaseViewController.m */,
			);
			path = PushAnimation;
			sourceTree = "<group>";
		};
		5888A8901E122D90001BFB66 /* VC */ = {
			isa = PBXGroup;
			children = (
				5888A8911E122DA0001BFB66 /* ViewControllerA.h */,
				5888A8921E122DA0001BFB66 /* ViewControllerA.m */,
				5888A8941E122DAE001BFB66 /* ViewControllerB.h */,
				5888A8951E122DAE001BFB66 /* ViewControllerB.m */,
			);
			path = VC;
			sourceTree = "<group>";
		};
/* End PBXGroup section */

/* Begin PBXNativeTarget section */
		5888A8731E1224D3001BFB66 /* NavigationPresent */ = {
			isa = PBXNativeTarget;
			buildConfigurationList = 5888A88B1E1224D3001BFB66 /* Build configuration list for PBXNativeTarget "NavigationPresent" */;
			buildPhases = (
				5888A8701E1224D3001BFB66 /* Sources */,
				5888A8711E1224D3001BFB66 /* Frameworks */,
				5888A8721E1224D3001BFB66 /* Resources */,
			);
			buildRules = (
			);
			dependencies = (
			);
			name = NavigationPresent;
			productName = NavigationPresent;
			productReference = 5888A8741E1224D3001BFB66 /* NavigationPresent.app */;
			productType = "com.apple.product-type.application";
		};
/* End PBXNativeTarget section */

/* Begin PBXProject section */
		5888A86C1E1224D3001BFB66 /* Project object */ = {
			isa = PBXProject;
			attributes = {
				LastUpgradeCheck = 0820;
				ORGANIZATIONNAME = kamous;
				TargetAttributes = {
					5888A8731E1224D3001BFB66 = {
						CreatedOnToolsVersion = 8.2.1;
						DevelopmentTeam = 78AQRVN48Y;
						ProvisioningStyle = Automatic;
					};
				};
			};
			buildConfigurationList = 5888A86F1E1224D3001BFB66 /* Build configuration list for PBXProject "NavigationPresent" */;
			compatibilityVersion = "Xcode 3.2";
			developmentRegion = English;
			hasScannedForEncodings = 0;
			knownRegions = (
				en,
				Base,
			);
			mainGroup = 5888A86B1E1224D3001BFB66;
			productRefGroup = 5888A8751E1224D3001BFB66 /* Products */;
			projectDirPath = "";
			projectRoot = "";
			targets = (
				5888A8731E1224D3001BFB66 /* NavigationPresent */,
			);
		};
/* End PBXProject section */

/* Begin PBXResourcesBuildPhase section */
		5888A8721E1224D3001BFB66 /* Resources */ = {
			isa = PBXResourcesBuildPhase;
			buildActionMask = 2147483647;
			files = (
				5888A8871E1224D3001BFB66 /* LaunchScreen.storyboard in Resources */,
				5888A8841E1224D3001BFB66 /* Assets.xcassets in Resources */,
				5888A8821E1224D3001BFB66 /* Main.storyboard in Resources */,
			);
			runOnlyForDeploymentPostprocessing = 0;
		};
/* End PBXResourcesBuildPhase section */

/* Begin PBXSourcesBuildPhase section */
		5888A8701E1224D3001BFB66 /* Sources */ = {
			isa = PBXSourcesBuildPhase;
			buildActionMask = 2147483647;
			files = (
				5888A87C1E1224D3001BFB66 /* AppDelegate.m in Sources */,
				5888A8961E122DAE001BFB66 /* ViewControllerB.m in Sources */,
				5888A8791E1224D3001BFB66 /* main.m in Sources */,
				5888A8931E122DA0001BFB66 /* ViewControllerA.m in Sources */,
				580B46621E21F47700CFAC9F /* PPTransitionDismissPopStyleAnimator.m in Sources */,
				580B46651E21F63700CFAC9F /* BaseViewController.m in Sources */,
				580B465F1E20E8FC00CFAC9F /* PPTransitionPresenPushStyleAnimator.m in Sources */,
			);
			runOnlyForDeploymentPostprocessing = 0;
		};
/* End PBXSourcesBuildPhase section */

/* Begin PBXVariantGroup section */
		5888A8801E1224D3001BFB66 /* Main.storyboard */ = {
			isa = PBXVariantGroup;
			children = (
				5888A8811E1224D3001BFB66 /* Base */,
			);
			name = Main.storyboard;
			sourceTree = "<group>";
		};
		5888A8851E1224D3001BFB66 /* LaunchScreen.storyboard */ = {
			isa = PBXVariantGroup;
			children = (
				5888A8861E1224D3001BFB66 /* Base */,
			);
			name = LaunchScreen.storyboard;
			sourceTree = "<group>";
		};
/* End PBXVariantGroup section */

/* Begin XCBuildConfiguration section */
		5888A8891E1224D3001BFB66 /* Debug */ = {
			isa = XCBuildConfiguration;
			buildSettings = {
				ALWAYS_SEARCH_USER_PATHS = NO;
				CLANG_ANALYZER_NONNULL = YES;
				CLANG_CXX_LANGUAGE_STANDARD = "gnu++0x";
				CLANG_CXX_LIBRARY = "libc++";
				CLANG_ENABLE_MODULES = YES;
				CLANG_ENABLE_OBJC_ARC = YES;
				CLANG_WARN_BOOL_CONVERSION = YES;
				CLANG_WARN_CONSTANT_CONVERSION = YES;
				CLANG_WARN_DIRECT_OBJC_ISA_USAGE = YES_ERROR;
				CLANG_WARN_DOCUMENTATION_COMMENTS = YES;
				CLANG_WARN_EMPTY_BODY = YES;
				CLANG_WARN_ENUM_CONVERSION = YES;
				CLANG_WARN_INFINITE_RECURSION = YES;
				CLANG_WARN_INT_CONVERSION = YES;
				CLANG_WARN_OBJC_ROOT_CLASS = YES_ERROR;
				CLANG_WARN_SUSPICIOUS_MOVE = YES;
				CLANG_WARN_UNREACHABLE_CODE = YES;
				CLANG_WARN__DUPLICATE_METHOD_MATCH = YES;
				"CODE_SIGN_IDENTITY[sdk=iphoneos*]" = "iPhone Developer";
				COPY_PHASE_STRIP = NO;
				DEBUG_INFORMATION_FORMAT = dwarf;
				ENABLE_STRICT_OBJC_MSGSEND = YES;
				ENABLE_TESTABILITY = YES;
				GCC_C_LANGUAGE_STANDARD = gnu99;
				GCC_DYNAMIC_NO_PIC = NO;
				GCC_NO_COMMON_BLOCKS = YES;
				GCC_OPTIMIZATION_LEVEL = 0;
				GCC_PREPROCESSOR_DEFINITIONS = (
					"DEBUG=1",
					"$(inherited)",
				);
				GCC_WARN_64_TO_32_BIT_CONVERSION = YES;
				GCC_WARN_ABOUT_RETURN_TYPE = YES_ERROR;
				GCC_WARN_UNDECLARED_SELECTOR = YES;
				GCC_WARN_UNINITIALIZED_AUTOS = YES_AGGRESSIVE;
				GCC_WARN_UNUSED_FUNCTION = YES;
				GCC_WARN_UNUSED_VARIABLE = YES;
				IPHONEOS_DEPLOYMENT_TARGET = 10.2;
				MTL_ENABLE_DEBUG_INFO = YES;
				ONLY_ACTIVE_ARCH = YES;
				SDKROOT = iphoneos;
				TARGETED_DEVICE_FAMILY = "1,2";
			};
			name = Debug;
		};
		5888A88A1E1224D3001BFB66 /* Release */ = {
			isa = XCBuildConfiguration;
			buildSettings = {
				ALWAYS_SEARCH_USER_PATHS = NO;
				CLANG_ANALYZER_NONNULL = YES;
				CLANG_CXX_LANGUAGE_STANDARD = "gnu++0x";
				CLANG_CXX_LIBRARY = "libc++";
				CLANG_ENABLE_MODULES = YES;
				CLANG_ENABLE_OBJC_ARC = YES;
				CLANG_WARN_BOOL_CONVERSION = YES;
				CLANG_WARN_CONSTANT_CONVERSION = YES;
				CLANG_WARN_DIRECT_OBJC_ISA_USAGE = YES_ERROR;
				CLANG_WARN_DOCUMENTATION_COMMENTS = YES;
				CLANG_WARN_EMPTY_BODY = YES;
				CLANG_WARN_ENUM_CONVERSION = YES;
				CLANG_WARN_INFINITE_RECURSION = YES;
				CLANG_WARN_INT_CONVERSION = YES;
				CLANG_WARN_OBJC_ROOT_CLASS = YES_ERROR;
				CLANG_WARN_SUSPICIOUS_MOVE = YES;
				CLANG_WARN_UNREACHABLE_CODE = YES;
				CLANG_WARN__DUPLICATE_METHOD_MATCH = YES;
				"CODE_SIGN_IDENTITY[sdk=iphoneos*]" = "iPhone Developer";
				COPY_PHASE_STRIP = NO;
				DEBUG_INFORMATION_FORMAT = "dwarf-with-dsym";
				ENABLE_NS_ASSERTIONS = NO;
				ENABLE_STRICT_OBJC_MSGSEND = YES;
				GCC_C_LANGUAGE_STANDARD = gnu99;
				GCC_NO_COMMON_BLOCKS = YES;
				GCC_WARN_64_TO_32_BIT_CONVERSION = YES;
				GCC_WARN_ABOUT_RETURN_TYPE = YES_ERROR;
				GCC_WARN_UNDECLARED_SELECTOR = YES;
				GCC_WARN_UNINITIALIZED_AUTOS = YES_AGGRESSIVE;
				GCC_WARN_UNUSED_FUNCTION = YES;
				GCC_WARN_UNUSED_VARIABLE = YES;
				IPHONEOS_DEPLOYMENT_TARGET = 10.2;
				MTL_ENABLE_DEBUG_INFO = NO;
				SDKROOT = iphoneos;
				TARGETED_DEVICE_FAMILY = "1,2";
				VALIDATE_PRODUCT = YES;
			};
			name = Release;
		};
		5888A88C1E1224D3001BFB66 /* Debug */ = {
			isa = XCBuildConfiguration;
			buildSettings = {
				ASSETCATALOG_COMPILER_APPICON_NAME = AppIcon;
				DEVELOPMENT_TEAM = 78AQRVN48Y;
				INFOPLIST_FILE = NavigationPresent/Info.plist;
				IPHONEOS_DEPLOYMENT_TARGET = 9.0;
				LD_RUNPATH_SEARCH_PATHS = "$(inherited) @executable_path/Frameworks";
				PRODUCT_BUNDLE_IDENTIFIER = com.kamous.NavigationPresent;
				PRODUCT_NAME = "$(TARGET_NAME)";
			};
			name = Debug;
		};
		5888A88D1E1224D3001BFB66 /* Release */ = {
			isa = XCBuildConfiguration;
			buildSettings = {
				ASSETCATALOG_COMPILER_APPICON_NAME = AppIcon;
				DEVELOPMENT_TEAM = 78AQRVN48Y;
				INFOPLIST_FILE = NavigationPresent/Info.plist;
				IPHONEOS_DEPLOYMENT_TARGET = 9.0;
				LD_RUNPATH_SEARCH_PATHS = "$(inherited) @executable_path/Frameworks";
				PRODUCT_BUNDLE_IDENTIFIER = com.kamous.NavigationPresent;
				PRODUCT_NAME = "$(TARGET_NAME)";
			};
			name = Release;
		};
/* End XCBuildConfiguration section */

/* Begin XCConfigurationList section */
		5888A86F1E1224D3001BFB66 /* Build configuration list for PBXProject "NavigationPresent" */ = {
			isa = XCConfigurationList;
			buildConfigurations = (
				5888A8891E1224D3001BFB66 /* Debug */,
				5888A88A1E1224D3001BFB66 /* Release */,
			);
			defaultConfigurationIsVisible = 0;
			defaultConfigurationName = Release;
		};
		5888A88B1E1224D3001BFB66 /* Build configuration list for PBXNativeTarget "NavigationPresent" */ = {
			isa = XCConfigurationList;
			buildConfigurations = (
				5888A88C1E1224D3001BFB66 /* Debug */,
				5888A88D1E1224D3001BFB66 /* Release */,
			);
			defaultConfigurationIsVisible = 0;
			defaultConfigurationName = Release;
		};
/* End XCConfigurationList section */
	};
	rootObject = 5888A86C1E1224D3001BFB66 /* Project object */;
}
